
Microsoft Visual Studio Solution File, Format Version 11.00
# Visual Studio 2010
Project("{8BC9CEB8-8B4A-11D0-8D11-00A0C91BC942}") = "Mutex_sync", "Mutex_sync\Mutex_sync.vcxproj", "{1244A6E4-BF1A-4461-B8D0-77DF2B4320F9}"
EndProject
Project("{8BC9CEB8-8B4A-11D0-8D11-00A0C91BC942}") = "Critical_sync", "Critical_sync\Critical_sync.vcxproj", "{E9A9F880-31B9-4511-B51A-7A5CE2587BF3}"
EndProject
Global
	GlobalSection(SolutionConfigurationPlatforms) = preSolution
		Debug|Win32 = Debug|Win32
		Release|Win32 = Release|Win32
	EndGlobalSection
	GlobalSection(ProjectConfigurationPlatforms) = postSolution
		{1244A6E4-BF1A-4461-B8D0-77DF2B4320F9}.Debug|Win32.ActiveCfg = Debug|Win32
		{1244A6E4-BF1A-4461-B8D0-77DF2B4320F9}.Debug|Win32.Build.0 = Debug|Win32
		{1244A6E4-BF1A-4461-B8D0-77DF2B4320F9}.Release|Win32.ActiveCfg = Release|Win32
		{1244A6E4-BF1A-4461-B8D0-77DF2B4320F9}.Release|Win32.Build.0 = Release|Win32
		{E9A9F880-31B9-4511-B51A-7A5CE2587BF3}.Debug|Win32.ActiveCfg = Debug|Win32
		{E9A9F880-31B9-4511-B51A-7A5CE2587BF3}.Debug|Win32.Build.0 = Debug|Win32
		{E9A9F880-31B9-4511-B51A-7A5CE2587BF3}.Release|Win32.ActiveCfg = Release|Win32
		{E9A9F880-31B9-4511-B51A-7A5CE2587BF3}.Release|Win32.Build.0 = Release|Win32
	EndGlobalSection
	GlobalSection(SolutionProperties) = preSolution
		HideSolutionNode = FALSE
	EndGlobalSection
EndGlobal
